
Microsoft Visual Studio Solution File, Format Version 12.00
# Visual Studio Version 16
VisualStudioVersion = 16.0.29418.71
MinimumVisualStudioVersion = 10.0.40219.1
Project("{FAE04EC0-301F-11D3-BF4B-00C04F79EFBC}") = "Go.UWP", "Go\Go.UWP\Go.UWP.csproj", "{EC25AD5A-45DB-4420-A96E-FAEC753DC132}"
EndProject
Project("{FAE04EC0-301F-11D3-BF4B-00C04F79EFBC}") = "Go.Android", "Go\Go.Android\Go.Android.csproj", "{D9043934-AA69-44C2-9C38-7DB1E162AC37}"
EndProject
Project("{FAE04EC0-301F-11D3-BF4B-00C04F79EFBC}") = "Go.iOS", "Go\Go.iOS\Go.iOS.csproj", "{DB37206A-95DD-4BBE-857F-C13341EC7EEE}"
EndProject
Project("{9A19103F-16F7-4668-BE54-9A1E7A4F7556}") = "Go", "Go\Go\Go.csproj", "{D1FD7FDC-0FAC-4CCD-8842-022958CDE35C}"
EndProject
Project("{FAE04EC0-301F-11D3-BF4B-00C04F79EFBC}") = "CentralServer", "CentralServer\CentralServer.csproj", "{E428DAC0-3004-4E27-BF43-A8DAE6748EE8}"
EndProject
Global
	GlobalSection(SolutionConfigurationPlatforms) = preSolution
		Debug|Any CPU = Debug|Any CPU
		Debug|ARM = Debug|ARM
		Debug|iPhone = Debug|iPhone
		Debug|iPhoneSimulator = Debug|iPhoneSimulator
		Debug|x64 = Debug|x64
		Debug|x86 = Debug|x86
		Release|Any CPU = Release|Any CPU
		Release|ARM = Release|ARM
		Release|iPhone = Release|iPhone
		Release|iPhoneSimulator = Release|iPhoneSimulator
		Release|x64 = Release|x64
		Release|x86 = Release|x86
	EndGlobalSection
	GlobalSection(ProjectConfigurationPlatforms) = postSolution
		{EC25AD5A-45DB-4420-A96E-FAEC753DC132}.Debug|Any CPU.ActiveCfg = Debug|x86
		{EC25AD5A-45DB-4420-A96E-FAEC753DC132}.Debug|Any CPU.Build.0 = Debug|x86
		{EC25AD5A-45DB-4420-A96E-FAEC753DC132}.Debug|Any CPU.Deploy.0 = Debug|x86
		{EC25AD5A-45DB-4420-A96E-FAEC753DC132}.Debug|ARM.ActiveCfg = Debug|ARM
		{EC25AD5A-45DB-4420-A96E-FAEC753DC132}.Debug|ARM.Build.0 = Debug|ARM
		{EC25AD5A-45DB-4420-A96E-FAEC753DC132}.Debug|ARM.Deploy.0 = Debug|ARM
		{EC25AD5A-45DB-4420-A96E-FAEC753DC132}.Debug|iPhone.ActiveCfg = Debug|x86
		{EC25AD5A-45DB-4420-A96E-FAEC753DC132}.Debug|iPhone.Build.0 = Debug|x86
		{EC25AD5A-45DB-4420-A96E-FAEC753DC132}.Debug|iPhone.Deploy.0 = Debug|x86
		{EC25AD5A-45DB-4420-A96E-FAEC753DC132}.Debug|iPhoneSimulator.ActiveCfg = Debug|x86
		{EC25AD5A-45DB-4420-A96E-FAEC753DC132}.Debug|iPhoneSimulator.Build.0 = Debug|x86
		{EC25AD5A-45DB-4420-A96E-FAEC753DC132}.Debug|iPhoneSimulator.Deploy.0 = Debug|x86
		{EC25AD5A-45DB-4420-A96E-FAEC753DC132}.Debug|x64.ActiveCfg = Debug|x64
		{EC25AD5A-45DB-4420-A96E-FAEC753DC132}.Debug|x64.Build.0 = Debug|x64
		{EC25AD5A-45DB-4420-A96E-FAEC753DC132}.Debug|x64.Deploy.0 = Debug|x64
		{EC25AD5A-45DB-4420-A96E-FAEC753DC132}.Debug|x86.ActiveCfg = Debug|x86
		{EC25AD5A-45DB-4420-A96E-FAEC753DC132}.Debug|x86.Build.0 = Debug|x86
		{EC25AD5A-45DB-4420-A96E-FAEC753DC132}.Debug|x86.Deploy.0 = Debug|x86
		{EC25AD5A-45DB-4420-A96E-FAEC753DC132}.Release|Any CPU.ActiveCfg = Release|x86
		{EC25AD5A-45DB-4420-A96E-FAEC753DC132}.Release|Any CPU.Build.0 = Release|x86
		{EC25AD5A-45DB-4420-A96E-FAEC753DC132}.Release|Any CPU.Deploy.0 = Release|x86
		{EC25AD5A-45DB-4420-A96E-FAEC753DC132}.Release|ARM.ActiveCfg = Release|ARM
		{EC25AD5A-45DB-4420-A96E-FAEC753DC132}.Release|ARM.Build.0 = Release|ARM
		{EC25AD5A-45DB-4420-A96E-FAEC753DC132}.Release|ARM.Deploy.0 = Release|ARM
		{EC25AD5A-45DB-4420-A96E-FAEC753DC132}.Release|iPhone.ActiveCfg = Release|x86
		{EC25AD5A-45DB-4420-A96E-FAEC753DC132}.Release|iPhone.Build.0 = Release|x86
		{EC25AD5A-45DB-4420-A96E-FAEC753DC132}.Release|iPhone.Deploy.0 = Release|x86
		{EC25AD5A-45DB-4420-A96E-FAEC753DC132}.Release|iPhoneSimulator.ActiveCfg = Release|x86
		{EC25AD5A-45DB-4420-A96E-FAEC753DC132}.Release|iPhoneSimulator.Build.0 = Release|x86
		{EC25AD5A-45DB-4420-A96E-FAEC753DC132}.Release|iPhoneSimulator.Deploy.0 = Release|x86
		{EC25AD5A-45DB-4420-A96E-FAEC753DC132}.Release|x64.ActiveCfg = Release|x64
		{EC25AD5A-45DB-4420-A96E-FAEC753DC132}.Release|x64.Build.0 = Release|x64
		{EC25AD5A-45DB-4420-A96E-FAEC753DC132}.Release|x64.Deploy.0 = Release|x64
		{EC25AD5A-45DB-4420-A96E-FAEC753DC132}.Release|x86.ActiveCfg = Release|x86
		{EC25AD5A-45DB-4420-A96E-FAEC753DC132}.Release|x86.Build.0 = Release|x86
		{EC25AD5A-45DB-4420-A96E-FAEC753DC132}.Release|x86.Deploy.0 = Release|x86
		{D9043934-AA69-44C2-9C38-7DB1E162AC37}.Debug|Any CPU.ActiveCfg = Debug|Any CPU
		{D9043934-AA69-44C2-9C38-7DB1E162AC37}.Debug|Any CPU.Build.0 = Debug|Any CPU
		{D9043934-AA69-44C2-9C38-7DB1E162AC37}.Debug|Any CPU.Deploy.0 = Debug|Any CPU
		{D9043934-AA69-44C2-9C38-7DB1E162AC37}.Debug|ARM.ActiveCfg = Debug|Any CPU
		{D9043934-AA69-44C2-9C38-7DB1E162AC37}.Debug|ARM.Build.0 = Debug|Any CPU
		{D9043934-AA69-44C2-9C38-7DB1E162AC37}.Debug|ARM.Deploy.0 = Debug|Any CPU
		{D9043934-AA69-44C2-9C38-7DB1E162AC37}.Debug|iPhone.ActiveCfg = Debug|Any CPU
		{D9043934-AA69-44C2-9C38-7DB1E162AC37}.Debug|iPhone.Build.0 = Debug|Any CPU
		{D9043934-AA69-44C2-9C38-7DB1E162AC37}.Debug|iPhone.Deploy.0 = Debug|Any CPU
		{D9043934-AA69-44C2-9C38-7DB1E162AC37}.Debug|iPhoneSimulator.ActiveCfg = Debug|Any CPU
		{D9043934-AA69-44C2-9C38-7DB1E162AC37}.Debug|iPhoneSimulator.Build.0 = Debug|Any CPU
		{D9043934-AA69-44C2-9C38-7DB1E162AC37}.Debug|iPhoneSimulator.Deploy.0 = Debug|Any CPU
		{D9043934-AA69-44C2-9C38-7DB1E162AC37}.Debug|x64.ActiveCfg = Debug|Any CPU
		{D9043934-AA69-44C2-9C38-7DB1E162AC37}.Debug|x64.Build.0 = Debug|Any CPU
		{D9043934-AA69-44C2-9C38-7DB1E162AC37}.Debug|x64.Deploy.0 = Debug|Any CPU
		{D9043934-AA69-44C2-9C38-7DB1E162AC37}.Debug|x86.ActiveCfg = Debug|Any CPU
		{D9043934-AA69-44C2-9C38-7DB1E162AC37}.Debug|x86.Build.0 = Debug|Any CPU
		{D9043934-AA69-44C2-9C38-7DB1E162AC37}.Debug|x86.Deploy.0 = Debug|Any CPU
		{D9043934-AA69-44C2-9C38-7DB1E162AC37}.Release|Any CPU.ActiveCfg = Release|Any CPU
		{D9043934-AA69-44C2-9C38-7DB1E162AC37}.Release|Any CPU.Build.0 = Release|Any CPU
		{D9043934-AA69-44C2-9C38-7DB1E162AC37}.Release|Any CPU.Deploy.0 = Release|Any CPU
		{D9043934-AA69-44C2-9C38-7DB1E162AC37}.Release|ARM.ActiveCfg = Release|Any CPU
		{D9043934-AA69-44C2-9C38-7DB1E162AC37}.Release|ARM.Build.0 = Release|Any CPU
		{D9043934-AA69-44C2-9C38-7DB1E162AC37}.Release|ARM.Deploy.0 = Release|Any CPU
		{D9043934-AA69-44C2-9C38-7DB1E162AC37}.Release|iPhone.ActiveCfg = Release|Any CPU
		{D9043934-AA69-44C2-9C38-7DB1E162AC37}.Release|iPhone.Build.0 = Release|Any CPU
		{D9043934-AA69-44C2-9C38-7DB1E162AC37}.Release|iPhone.Deploy.0 = Release|Any CPU
		{D9043934-AA69-44C2-9C38-7DB1E162AC37}.Release|iPhoneSimulator.ActiveCfg = Release|Any CPU
		{D9043934-AA69-44C2-9C38-7DB1E162AC37}.Release|iPhoneSimulator.Build.0 = Release|Any CPU
		{D9043934-AA69-44C2-9C38-7DB1E162AC37}.Release|iPhoneSimulator.Deploy.0 = Release|Any CPU
		{D9043934-AA69-44C2-9C38-7DB1E162AC37}.Release|x64.ActiveCfg = Release|Any CPU
		{D9043934-AA69-44C2-9C38-7DB1E162AC37}.Release|x64.Build.0 = Release|Any CPU
		{D9043934-AA69-44C2-9C38-7DB1E162AC37}.Release|x64.Deploy.0 = Release|Any CPU
		{D9043934-AA69-44C2-9C38-7DB1E162AC37}.Release|x86.ActiveCfg = Release|Any CPU
		{D9043934-AA69-44C2-9C38-7DB1E162AC37}.Release|x86.Build.0 = Release|Any CPU
		{D9043934-AA69-44C2-9C38-7DB1E162AC37}.Release|x86.Deploy.0 = Release|Any CPU
		{DB37206A-95DD-4BBE-857F-C13341EC7EEE}.Debug|Any CPU.ActiveCfg = Debug|iPhone
		{DB37206A-95DD-4BBE-857F-C13341EC7EEE}.Debug|Any CPU.Build.0 = Debug|iPhone
		{DB37206A-95DD-4BBE-857F-C13341EC7EEE}.Debug|Any CPU.Deploy.0 = Debug|iPhone
		{DB37206A-95DD-4BBE-857F-C13341EC7EEE}.Debug|ARM.ActiveCfg = Debug|iPhoneSimulator
		{DB37206A-95DD-4BBE-857F-C13341EC7EEE}.Debug|ARM.Build.0 = Debug|iPhoneSimulator
		{DB37206A-95DD-4BBE-857F-C13341EC7EEE}.Debug|ARM.Deploy.0 = Debug|iPhoneSimulator
		{DB37206A-95DD-4BBE-857F-C13341EC7EEE}.Debug|iPhone.ActiveCfg = Debug|iPhone
		{DB37206A-95DD-4BBE-857F-C13341EC7EEE}.Debug|iPhone.Build.0 = Debug|iPhone
		{DB37206A-95DD-4BBE-857F-C13341EC7EEE}.Debug|iPhone.Deploy.0 = Debug|iPhone
		{DB37206A-95DD-4BBE-857F-C13341EC7EEE}.Debug|iPhoneSimulator.ActiveCfg = Debug|iPhoneSimulator
		{DB37206A-95DD-4BBE-857F-C13341EC7EEE}.Debug|iPhoneSimulator.Build.0 = Debug|iPhoneSimulator
		{DB37206A-95DD-4BBE-857F-C13341EC7EEE}.Debug|iPhoneSimulator.Deploy.0 = Debug|iPhoneSimulator
		{DB37206A-95DD-4BBE-857F-C13341EC7EEE}.Debug|x64.ActiveCfg = Debug|iPhone
		{DB37206A-95DD-4BBE-857F-C13341EC7EEE}.Debug|x64.Build.0 = Debug|iPhone
		{DB37206A-95DD-4BBE-857F-C13341EC7EEE}.Debug|x64.Deploy.0 = Debug|iPhone
		{DB37206A-95DD-4BBE-857F-C13341EC7EEE}.Debug|x86.ActiveCfg = Debug|iPhone
		{DB37206A-95DD-4BBE-857F-C13341EC7EEE}.Debug|x86.Build.0 = Debug|iPhone
		{DB37206A-95DD-4BBE-857F-C13341EC7EEE}.Debug|x86.Deploy.0 = Debug|iPhone
		{DB37206A-95DD-4BBE-857F-C13341EC7EEE}.Release|Any CPU.ActiveCfg = Release|iPhone
		{DB37206A-95DD-4BBE-857F-C13341EC7EEE}.Release|Any CPU.Build.0 = Release|iPhone
		{DB37206A-95DD-4BBE-857F-C13341EC7EEE}.Release|Any CPU.Deploy.0 = Release|iPhone
		{DB37206A-95DD-4BBE-857F-C13341EC7EEE}.Release|ARM.ActiveCfg = Release|iPhone
		{DB37206A-95DD-4BBE-857F-C13341EC7EEE}.Release|ARM.Build.0 = Release|iPhone
		{DB37206A-95DD-4BBE-857F-C13341EC7EEE}.Release|ARM.Deploy.0 = Release|iPhone
		{DB37206A-95DD-4BBE-857F-C13341EC7EEE}.Release|iPhone.ActiveCfg = Release|iPhone
		{DB37206A-95DD-4BBE-857F-C13341EC7EEE}.Release|iPhone.Build.0 = Release|iPhone
		{DB37206A-95DD-4BBE-857F-C13341EC7EEE}.Release|iPhone.Deploy.0 = Release|iPhone
		{DB37206A-95DD-4BBE-857F-C13341EC7EEE}.Release|iPhoneSimulator.ActiveCfg = Release|iPhoneSimulator
		{DB37206A-95DD-4BBE-857F-C13341EC7EEE}.Release|iPhoneSimulator.Build.0 = Release|iPhoneSimulator
		{DB37206A-95DD-4BBE-857F-C13341EC7EEE}.Release|iPhoneSimulator.Deploy.0 = Release|iPhoneSimulator
		{DB37206A-95DD-4BBE-857F-C13341EC7EEE}.Release|x64.ActiveCfg = Release|iPhone
		{DB37206A-95DD-4BBE-857F-C13341EC7EEE}.Release|x64.Build.0 = Release|iPhone
		{DB37206A-95DD-4BBE-857F-C13341EC7EEE}.Release|x64.Deploy.0 = Release|iPhone
		{DB37206A-95DD-4BBE-857F-C13341EC7EEE}.Release|x86.ActiveCfg = Release|iPhone
		{DB37206A-95DD-4BBE-857F-C13341EC7EEE}.Release|x86.Build.0 = Release|iPhone
		{DB37206A-95DD-4BBE-857F-C13341EC7EEE}.Release|x86.Deploy.0 = Release|iPhone
		{D1FD7FDC-0FAC-4CCD-8842-022958CDE35C}.Debug|Any CPU.ActiveCfg = Debug|Any CPU
		{D1FD7FDC-0FAC-4CCD-8842-022958CDE35C}.Debug|Any CPU.Build.0 = Debug|Any CPU
		{D1FD7FDC-0FAC-4CCD-8842-022958CDE35C}.Debug|Any CPU.Deploy.0 = Debug|Any CPU
		{D1FD7FDC-0FAC-4CCD-8842-022958CDE35C}.Debug|ARM.ActiveCfg = Debug|Any CPU
		{D1FD7FDC-0FAC-4CCD-8842-022958CDE35C}.Debug|ARM.Build.0 = Debug|Any CPU
		{D1FD7FDC-0FAC-4CCD-8842-022958CDE35C}.Debug|ARM.Deploy.0 = Debug|Any CPU
		{D1FD7FDC-0FAC-4CCD-8842-022958CDE35C}.Debug|iPhone.ActiveCfg = Debug|Any CPU
		{D1FD7FDC-0FAC-4CCD-8842-022958CDE35C}.Debug|iPhone.Build.0 = Debug|Any CPU
		{D1FD7FDC-0FAC-4CCD-8842-022958CDE35C}.Debug|iPhone.Deploy.0 = Debug|Any CPU
		{D1FD7FDC-0FAC-4CCD-8842-022958CDE35C}.Debug|iPhoneSimulator.ActiveCfg = Debug|Any CPU
		{D1FD7FDC-0FAC-4CCD-8842-022958CDE35C}.Debug|iPhoneSimulator.Build.0 = Debug|Any CPU
		{D1FD7FDC-0FAC-4CCD-8842-022958CDE35C}.Debug|iPhoneSimulator.Deploy.0 = Debug|Any CPU
		{D1FD7FDC-0FAC-4CCD-8842-022958CDE35C}.Debug|x64.ActiveCfg = Debug|Any CPU
		{D1FD7FDC-0FAC-4CCD-8842-022958CDE35C}.Debug|x64.Build.0 = Debug|Any CPU
		{D1FD7FDC-0FAC-4CCD-8842-022958CDE35C}.Debug|x64.Deploy.0 = Debug|Any CPU
		{D1FD7FDC-0FAC-4CCD-8842-022958CDE35C}.Debug|x86.ActiveCfg = Debug|Any CPU
		{D1FD7FDC-0FAC-4CCD-8842-022958CDE35C}.Debug|x86.Build.0 = Debug|Any CPU
		{D1FD7FDC-0FAC-4CCD-8842-022958CDE35C}.Debug|x86.Deploy.0 = Debug|Any CPU
		{D1FD7FDC-0FAC-4CCD-8842-022958CDE35C}.Release|Any CPU.ActiveCfg = Release|Any CPU
		{D1FD7FDC-0FAC-4CCD-8842-022958CDE35C}.Release|Any CPU.Build.0 = Release|Any CPU
		{D1FD7FDC-0FAC-4CCD-8842-022958CDE35C}.Release|Any CPU.Deploy.0 = Release|Any CPU
		{D1FD7FDC-0FAC-4CCD-8842-022958CDE35C}.Release|ARM.ActiveCfg = Release|Any CPU
		{D1FD7FDC-0FAC-4CCD-8842-022958CDE35C}.Release|ARM.Build.0 = Release|Any CPU
		{D1FD7FDC-0FAC-4CCD-8842-022958CDE35C}.Release|ARM.Deploy.0 = Release|Any CPU
		{D1FD7FDC-0FAC-4CCD-8842-022958CDE35C}.Release|iPhone.ActiveCfg = Release|Any CPU
		{D1FD7FDC-0FAC-4CCD-8842-022958CDE35C}.Release|iPhone.Build.0 = Release|Any CPU
		{D1FD7FDC-0FAC-4CCD-8842-022958CDE35C}.Release|iPhone.Deploy.0 = Release|Any CPU
		{D1FD7FDC-0FAC-4CCD-8842-022958CDE35C}.Release|iPhoneSimulator.ActiveCfg = Release|Any CPU
		{D1FD7FDC-0FAC-4CCD-8842-022958CDE35C}.Release|iPhoneSimulator.Build.0 = Release|Any CPU
		{D1FD7FDC-0FAC-4CCD-8842-022958CDE35C}.Release|iPhoneSimulator.Deploy.0 = Release|Any CPU
		{D1FD7FDC-0FAC-4CCD-8842-022958CDE35C}.Release|x64.ActiveCfg = Release|Any CPU
		{D1FD7FDC-0FAC-4CCD-8842-022958CDE35C}.Release|x64.Build.0 = Release|Any CPU
		{D1FD7FDC-0FAC-4CCD-8842-022958CDE35C}.Release|x64.Deploy.0 = Release|Any CPU
		{D1FD7FDC-0FAC-4CCD-8842-022958CDE35C}.Release|x86.ActiveCfg = Release|Any CPU
		{D1FD7FDC-0FAC-4CCD-8842-022958CDE35C}.Release|x86.Build.0 = Release|Any CPU
		{D1FD7FDC-0FAC-4CCD-8842-022958CDE35C}.Release|x86.Deploy.0 = Release|Any CPU
		{E428DAC0-3004-4E27-BF43-A8DAE6748EE8}.Debug|Any CPU.ActiveCfg = Debug|Any CPU
		{E428DAC0-3004-4E27-BF43-A8DAE6748EE8}.Debug|Any CPU.Build.0 = Debug|Any CPU
		{E428DAC0-3004-4E27-BF43-A8DAE6748EE8}.Debug|ARM.ActiveCfg = Debug|Any CPU
		{E428DAC0-3004-4E27-BF43-A8DAE6748EE8}.Debug|ARM.Build.0 = Debug|Any CPU
		{E428DAC0-3004-4E27-BF43-A8DAE6748EE8}.Debug|iPhone.ActiveCfg = Debug|Any CPU
		{E428DAC0-3004-4E27-BF43-A8DAE6748EE8}.Debug|iPhone.Build.0 = Debug|Any CPU
		{E428DAC0-3004-4E27-BF43-A8DAE6748EE8}.Debug|iPhoneSimulator.ActiveCfg = Debug|Any CPU
		{E428DAC0-3004-4E27-BF43-A8DAE6748EE8}.Debug|iPhoneSimulator.Build.0 = Debug|Any CPU
		{E428DAC0-3004-4E27-BF43-A8DAE6748EE8}.Debug|x64.ActiveCfg = Debug|Any CPU
		{E428DAC0-3004-4E27-BF43-A8DAE6748EE8}.Debug|x64.Build.0 = Debug|Any CPU
		{E428DAC0-3004-4E27-BF43-A8DAE6748EE8}.Debug|x86.ActiveCfg = Debug|Any CPU
		{E428DAC0-3004-4E27-BF43-A8DAE6748EE8}.Debug|x86.Build.0 = Debug|Any CPU
		{E428DAC0-3004-4E27-BF43-A8DAE6748EE8}.Release|Any CPU.ActiveCfg = Release|Any CPU
		{E428DAC0-3004-4E27-BF43-A8DAE6748EE8}.Release|Any CPU.Build.0 = Release|Any CPU
		{E428DAC0-3004-4E27-BF43-A8DAE6748EE8}.Release|ARM.ActiveCfg = Release|Any CPU
		{E428DAC0-3004-4E27-BF43-A8DAE6748EE8}.Release|ARM.Build.0 = Release|Any CPU
		{E428DAC0-3004-4E27-BF43-A8DAE6748EE8}.Release|iPhone.ActiveCfg = Release|Any CPU
		{E428DAC0-3004-4E27-BF43-A8DAE6748EE8}.Release|iPhone.Build.0 = Release|Any CPU
		{E428DAC0-3004-4E27-BF43-A8DAE6748EE8}.Release|iPhoneSimulator.ActiveCfg = Release|Any CPU
		{E428DAC0-3004-4E27-BF43-A8DAE6748EE8}.Release|iPhoneSimulator.Build.0 = Release|Any CPU
		{E428DAC0-3004-4E27-BF43-A8DAE6748EE8}.Release|x64.ActiveCfg = Release|Any CPU
		{E428DAC0-3004-4E27-BF43-A8DAE6748EE8}.Release|x64.Build.0 = Release|Any CPU
		{E428DAC0-3004-4E27-BF43-A8DAE6748EE8}.Release|x86.ActiveCfg = Release|Any CPU
		{E428DAC0-3004-4E27-BF43-A8DAE6748EE8}.Release|x86.Build.0 = Release|Any CPU
	EndGlobalSection
	GlobalSection(SolutionProperties) = preSolution
		HideSolutionNode = FALSE
	EndGlobalSection
	GlobalSection(ExtensibilityGlobals) = postSolution
		SolutionGuid = {7A3FEB5A-01BC-428B-978D-4BD75055AB7C}
	EndGlobalSection
EndGlobal
